
Microsoft Visual Studio Solution File, Format Version 12.00
# Visual Studio Version 16
VisualStudioVersion = 16.0.30717.126
MinimumVisualStudioVersion = 10.0.40219.1
Project("{FAE04EC0-301F-11D3-BF4B-00C04F79EFBC}") = "WebApplication1", "WebApplication1\WebApplication1.csproj", "{3A0AF90B-9B3E-409B-93A1-340F1B6B2F6F}"
EndProject
Global
	GlobalSection(SolutionConfigurationPlatforms) = preSolution
		Debug|Any CPU = Debug|Any CPU
		Release|Any CPU = Release|Any CPU
	EndGlobalSection
	GlobalSection(ProjectConfigurationPlatforms) = postSolution
		{3A0AF90B-9B3E-409B-93A1-340F1B6B2F6F}.Debug|Any CPU.ActiveCfg = Debug|Any CPU
		{3A0AF90B-9B3E-409B-93A1-340F1B6B2F6F}.Debug|Any CPU.Build.0 = Debug|Any CPU
		{3A0AF90B-9B3E-409B-93A1-340F1B6B2F6F}.Release|Any CPU.ActiveCfg = Release|Any CPU
		{3A0AF90B-9B3E-409B-93A1-340F1B6B2F6F}.Release|Any CPU.Build.0 = Release|Any CPU
	EndGlobalSection
	GlobalSection(SolutionProperties) = preSolution
		HideSolutionNode = FALSE
	EndGlobalSection
	GlobalSection(ExtensibilityGlobals) = postSolution
		SolutionGuid = {B370C96E-4386-4975-8996-A6AAE2EFDF55}
	EndGlobalSection
EndGlobal
